
Microsoft Visual Studio Solution File, Format Version 12.00
# Visual Studio Express 2012 for Windows Desktop
Project("{FAE04EC0-301F-11D3-BF4B-00C04F79EFBC}") = "BIMSource.SPWriter", "BIMSource.SPWriter\BIMSource.SPWriter.csproj", "{545C7DB7-245C-4F96-A73E-78056CDE920A}"
EndProject
Project("{FAE04EC0-301F-11D3-BF4B-00C04F79EFBC}") = "BIMSource.SPWriter.Updater", "BIMSource.SPWriter.Updater\BIMSource.SPWriter.Updater.csproj", "{F31CB6C9-8D82-4624-842C-C869AF4794DF}"
EndProject
Global
	GlobalSection(SolutionConfigurationPlatforms) = preSolution
		Debug|Any CPU = Debug|Any CPU
		Release|Any CPU = Release|Any CPU
	EndGlobalSection
	GlobalSection(ProjectConfigurationPlatforms) = postSolution
		{545C7DB7-245C-4F96-A73E-78056CDE920A}.Debug|Any CPU.ActiveCfg = Debug|Any CPU
		{545C7DB7-245C-4F96-A73E-78056CDE920A}.Debug|Any CPU.Build.0 = Debug|Any CPU
		{545C7DB7-245C-4F96-A73E-78056CDE920A}.Release|Any CPU.ActiveCfg = Release|Any CPU
		{545C7DB7-245C-4F96-A73E-78056CDE920A}.Release|Any CPU.Build.0 = Release|Any CPU
		{F31CB6C9-8D82-4624-842C-C869AF4794DF}.Debug|Any CPU.ActiveCfg = Debug|Any CPU
		{F31CB6C9-8D82-4624-842C-C869AF4794DF}.Debug|Any CPU.Build.0 = Debug|Any CPU
		{F31CB6C9-8D82-4624-842C-C869AF4794DF}.Release|Any CPU.ActiveCfg = Release|Any CPU
		{F31CB6C9-8D82-4624-842C-C869AF4794DF}.Release|Any CPU.Build.0 = Release|Any CPU
	EndGlobalSection
	GlobalSection(SolutionProperties) = preSolution
		HideSolutionNode = FALSE
	EndGlobalSection
EndGlobal
